
Microsoft Visual Studio Solution File, Format Version 12.00
# Visual Studio 15
VisualStudioVersion = 15.0.27130.2026
MinimumVisualStudioVersion = 10.0.40219.1
Project("{2150E333-8FDC-42A3-9474-1A3956D46DE8}") = "1 - Sistema", "1 - Sistema", "{CD7DE037-8C08-48D4-B021-FF0169A57A30}"
EndProject
Project("{2150E333-8FDC-42A3-9474-1A3956D46DE8}") = "1.1 - Camada de Serviços", "1.1 - Camada de Serviços", "{68AF0BD7-8FD0-480B-8658-0BF39EB030BE}"
EndProject
Project("{2150E333-8FDC-42A3-9474-1A3956D46DE8}") = "1.2 - Camada de Acesso a Dados", "1.2 - Camada de Acesso a Dados", "{CD8ECD5B-1039-4096-B55E-A63901C9C7FA}"
EndProject
Project("{2150E333-8FDC-42A3-9474-1A3956D46DE8}") = "0 - Modelagem de Entidades", "0 - Modelagem de Entidades", "{95B93BB4-9C3B-41DA-BB80-C4986F75CB46}"
EndProject
Project("{FAE04EC0-301F-11D3-BF4B-00C04F79EFBC}") = "Projeto.Entities", "Projeto.Entities\Projeto.Entities.csproj", "{45A17770-4C01-48C7-9AC7-39EF404D9CA4}"
EndProject
Project("{FAE04EC0-301F-11D3-BF4B-00C04F79EFBC}") = "Projeto.Services", "Projeto.Services\Projeto.Services.csproj", "{CB801AB0-89D5-41DB-895A-AC334E58B9EC}"
EndProject
Project("{FAE04EC0-301F-11D3-BF4B-00C04F79EFBC}") = "Projeto.Repository", "Projeto.Repository\Projeto.Repository.csproj", "{AC6124D5-F089-4DCB-B13E-331CC22F2A34}"
EndProject
Global
	GlobalSection(SolutionConfigurationPlatforms) = preSolution
		Debug|Any CPU = Debug|Any CPU
		Release|Any CPU = Release|Any CPU
	EndGlobalSection
	GlobalSection(ProjectConfigurationPlatforms) = postSolution
		{45A17770-4C01-48C7-9AC7-39EF404D9CA4}.Debug|Any CPU.ActiveCfg = Debug|Any CPU
		{45A17770-4C01-48C7-9AC7-39EF404D9CA4}.Debug|Any CPU.Build.0 = Debug|Any CPU
		{45A17770-4C01-48C7-9AC7-39EF404D9CA4}.Release|Any CPU.ActiveCfg = Release|Any CPU
		{45A17770-4C01-48C7-9AC7-39EF404D9CA4}.Release|Any CPU.Build.0 = Release|Any CPU
		{CB801AB0-89D5-41DB-895A-AC334E58B9EC}.Debug|Any CPU.ActiveCfg = Debug|Any CPU
		{CB801AB0-89D5-41DB-895A-AC334E58B9EC}.Debug|Any CPU.Build.0 = Debug|Any CPU
		{CB801AB0-89D5-41DB-895A-AC334E58B9EC}.Release|Any CPU.ActiveCfg = Release|Any CPU
		{CB801AB0-89D5-41DB-895A-AC334E58B9EC}.Release|Any CPU.Build.0 = Release|Any CPU
		{AC6124D5-F089-4DCB-B13E-331CC22F2A34}.Debug|Any CPU.ActiveCfg = Debug|Any CPU
		{AC6124D5-F089-4DCB-B13E-331CC22F2A34}.Debug|Any CPU.Build.0 = Debug|Any CPU
		{AC6124D5-F089-4DCB-B13E-331CC22F2A34}.Release|Any CPU.ActiveCfg = Release|Any CPU
		{AC6124D5-F089-4DCB-B13E-331CC22F2A34}.Release|Any CPU.Build.0 = Release|Any CPU
	EndGlobalSection
	GlobalSection(SolutionProperties) = preSolution
		HideSolutionNode = FALSE
	EndGlobalSection
	GlobalSection(NestedProjects) = preSolution
		{68AF0BD7-8FD0-480B-8658-0BF39EB030BE} = {CD7DE037-8C08-48D4-B021-FF0169A57A30}
		{CD8ECD5B-1039-4096-B55E-A63901C9C7FA} = {CD7DE037-8C08-48D4-B021-FF0169A57A30}
		{45A17770-4C01-48C7-9AC7-39EF404D9CA4} = {95B93BB4-9C3B-41DA-BB80-C4986F75CB46}
		{CB801AB0-89D5-41DB-895A-AC334E58B9EC} = {68AF0BD7-8FD0-480B-8658-0BF39EB030BE}
		{AC6124D5-F089-4DCB-B13E-331CC22F2A34} = {CD8ECD5B-1039-4096-B55E-A63901C9C7FA}
	EndGlobalSection
	GlobalSection(ExtensibilityGlobals) = postSolution
		SolutionGuid = {660BC3E0-DBC9-4CCF-B8A1-5786225736DB}
	EndGlobalSection
EndGlobal
